{
    "_readme": [
        "This file locks the dependencies of your project to a known state",
        "Read more about it at https://getcomposer.org/doc/01-basic-usage.md#installing-dependencies",
        "This file is @generated automatically"
    ],
    "content-hash": "2cc75d07cde3f471e40f007e2ac61212",
    "packages": [
        {
            "name": "warp-driven/php-sdk",
            "version": "dev-dev",
            "source": {
                "type": "git",
                "url": "https://github.com/warpdriven/wd-ai-php-sdk.git",
                "reference": "bd3aba3a1b1686bddb7ec62fcbdf6b30965bcedd"
            },
            "dist": {
                "type": "zip",
                "url": "https://api.github.com/repos/warpdriven/wd-ai-php-sdk/zipball/bd3aba3a1b1686bddb7ec62fcbdf6b30965bcedd",
                "reference": "bd3aba3a1b1686bddb7ec62fcbdf6b30965bcedd",
                "shasum": ""
            },
            "type": "library",
            "autoload": {
                "psr-4": {
                    "WarpDriven\\PhpSdk\\": "src/"
                }
            },
            "authors": [
                {
                    "name": "Warp Driven Technology",
                    "email": "info@warpdriven.com.au"
                }
            ],
            "support": {
                "source": "https://github.com/warpdriven/wd-ai-php-sdk/tree/dev",
                "issues": "https://github.com/warpdriven/wd-ai-php-sdk/issues"
            },
            "time": "2023-05-03T14:01:56+00:00"
        }
    ],
    "packages-dev": [],
    "aliases": [],
    "minimum-stability": "stable",
    "stability-flags": {
        "warp-driven/php-sdk": 20
    },
    "prefer-stable": false,
    "prefer-lowest": false,
    "platform": [],
    "platform-dev": [],
    "plugin-api-version": "2.3.0"
}
