{
    "_readme": [
        "This file locks the dependencies of your project to a known state",
        "Read more about it at https://getcomposer.org/doc/01-basic-usage.md#installing-dependencies",
        "This file is @generated automatically"
    ],
    "content-hash": "54f085131c0e2891bbe615fdea58f116",
    "packages": [
        {
            "name": "warp-driven/php-sdk",
            "version": "dev-main",
            "source": {
                "type": "git",
                "url": "https://github.com/warpdriven/wd-ai-php-sdk.git",
                "reference": "cb6cced5a1ec4b2783061a6f8b11254fdc48039b"
            },
            "dist": {
                "type": "zip",
                "url": "https://api.github.com/repos/warpdriven/wd-ai-php-sdk/zipball/cb6cced5a1ec4b2783061a6f8b11254fdc48039b",
                "reference": "cb6cced5a1ec4b2783061a6f8b11254fdc48039b",
                "shasum": ""
            },
            "default-branch": true,
            "type": "library",
            "autoload": {
                "psr-4": {
                    "WarpDriven\\PhpSdk\\": "src/"
                }
            },
            "authors": [
                {
                    "name": "jabber",
                    "email": "jabber5880@gmail.com"
                }
            ],
            "support": {
                "source": "https://github.com/warpdriven/wd-ai-php-sdk/tree/main",
                "issues": "https://github.com/warpdriven/wd-ai-php-sdk/issues"
            },
            "time": "2022-12-25T02:36:23+00:00"
        }
    ],
    "packages-dev": [],
    "aliases": [],
    "minimum-stability": "stable",
    "stability-flags": {
        "warp-driven/php-sdk": 20
    },
    "prefer-stable": false,
    "prefer-lowest": false,
    "platform": [],
    "platform-dev": [],
    "plugin-api-version": "2.3.0"
}
